
Microsoft Visual Studio Solution File, Format Version 12.00
# Visual Studio Version 16
VisualStudioVersion = 16.0.30804.86
MinimumVisualStudioVersion = 10.0.40219.1
Project("{2150E333-8FDC-42A3-9474-1A3956D46DE8}") = "MicroServices", "MicroServices", "{61DFF513-A553-4FFA-A835-2DAAEBA6A440}"
EndProject
Project("{2150E333-8FDC-42A3-9474-1A3956D46DE8}") = "Domain", "Domain", "{F3C8392A-169A-48FF-9142-B2166E5FB6CC}"
EndProject
Project("{2150E333-8FDC-42A3-9474-1A3956D46DE8}") = "Infra.Bus", "Infra.Bus", "{F6790295-4511-427C-98A0-F8FF58BBCDB8}"
EndProject
Project("{2150E333-8FDC-42A3-9474-1A3956D46DE8}") = "Infra.IoC", "Infra.IoC", "{9A09A42D-F786-45B4-949B-D9C56CAC166C}"
EndProject
Project("{2150E333-8FDC-42A3-9474-1A3956D46DE8}") = "Presentation", "Presentation", "{48849EF3-BCA8-4981-83D3-4404E9EE18C1}"
EndProject
Project("{9A19103F-16F7-4668-BE54-9A1E7A4F7556}") = "MicroRabbit.Domain.Core", "MicroRabbit.Domain.Core\MicroRabbit.Domain.Core.csproj", "{55C36ABC-9C0B-4D44-9D71-D0A0F8A69F9E}"
EndProject
Project("{9A19103F-16F7-4668-BE54-9A1E7A4F7556}") = "MicroRabbit.Infra.Bus", "MicroRabbit.Infra.Bus\MicroRabbit.Infra.Bus.csproj", "{5C87F887-793A-4766-A4B5-236562247D6C}"
EndProject
Project("{9A19103F-16F7-4668-BE54-9A1E7A4F7556}") = "MicroRabbit.Infra.IoC", "MicroRabbit.Infra.IoC\MicroRabbit.Infra.IoC.csproj", "{9C54AE01-287A-4C29-8E35-3872F80D139C}"
EndProject
Project("{2150E333-8FDC-42A3-9474-1A3956D46DE8}") = "Banking", "Banking", "{EFF8D9C3-B8F7-4F70-B5DC-DE5227C06537}"
EndProject
Project("{2150E333-8FDC-42A3-9474-1A3956D46DE8}") = "Api", "Api", "{2F4A49E5-9052-46E8-A96B-9DC6E4A616D1}"
EndProject
Project("{2150E333-8FDC-42A3-9474-1A3956D46DE8}") = "Domain", "Domain", "{E6014F7F-DAED-4BB8-9770-7C4BC924B470}"
EndProject
Project("{2150E333-8FDC-42A3-9474-1A3956D46DE8}") = "Application", "Application", "{C8E90FF5-E025-45D3-9A65-43B07FF54F15}"
EndProject
Project("{2150E333-8FDC-42A3-9474-1A3956D46DE8}") = "Data", "Data", "{BB476054-4DDF-4248-8F0D-BD9FD1F00528}"
EndProject
Project("{9A19103F-16F7-4668-BE54-9A1E7A4F7556}") = "MicroRabbit.Banking.Api", "MicroRabbit.Banking.Api\MicroRabbit.Banking.Api.csproj", "{5FB5D812-E654-4EFF-A7FA-BEDDB7790951}"
EndProject
Project("{9A19103F-16F7-4668-BE54-9A1E7A4F7556}") = "MicroRabbit.Banking.Application", "MicroRabbit.Banking.Application\MicroRabbit.Banking.Application.csproj", "{3365FC2A-2E12-441E-BBE7-077A3E43AC75}"
EndProject
Project("{9A19103F-16F7-4668-BE54-9A1E7A4F7556}") = "MicroRabbit.Banking.Data", "MicroRabbit.Banking.Data\MicroRabbit.Banking.Data.csproj", "{699D38E3-0DAB-4E0E-81B5-D9E6E4095A42}"
EndProject
Project("{9A19103F-16F7-4668-BE54-9A1E7A4F7556}") = "MicroRabbit.Banking.Domain", "MicroRabbit.Banking.Domain\MicroRabbit.Banking.Domain.csproj", "{E62A27C7-2845-4B54-B6C9-3FC6CDCFC649}"
EndProject
Project("{2150E333-8FDC-42A3-9474-1A3956D46DE8}") = "Transfer", "Transfer", "{7F4DA654-1405-4CE5-8096-AC9194CAB2B2}"
EndProject
Project("{2150E333-8FDC-42A3-9474-1A3956D46DE8}") = "Api", "Api", "{E1DFC4B2-235D-410D-BE1B-846057434797}"
EndProject
Project("{2150E333-8FDC-42A3-9474-1A3956D46DE8}") = "Application", "Application", "{EC9114F9-B630-4153-808D-EC55E512F2F0}"
EndProject
Project("{2150E333-8FDC-42A3-9474-1A3956D46DE8}") = "Data", "Data", "{3FCF1D49-FDF2-4047-82C9-B7586ED45075}"
EndProject
Project("{2150E333-8FDC-42A3-9474-1A3956D46DE8}") = "Domain", "Domain", "{C40F6A68-47E9-4F63-8510-774EF4F5BC90}"
EndProject
Project("{9A19103F-16F7-4668-BE54-9A1E7A4F7556}") = "MicroRabbit.Transfer.Api", "MicroRabbit.Transfer.Api\MicroRabbit.Transfer.Api.csproj", "{FADBB3E5-2BA8-4F6F-A036-6A83E16202C2}"
EndProject
Project("{9A19103F-16F7-4668-BE54-9A1E7A4F7556}") = "MicroRabbit.Transfer.Application", "MicroRabbit.Transfer.Application\MicroRabbit.Transfer.Application.csproj", "{71F59AE0-5BFE-45E0-A5D6-0C049ED41F7C}"
EndProject
Project("{9A19103F-16F7-4668-BE54-9A1E7A4F7556}") = "MicroRabbit.Transfer.Domain", "MicroRabbit.Transfer.Domain\MicroRabbit.Transfer.Domain.csproj", "{A5E606D1-695C-4971-8BDB-269D58C1095F}"
EndProject
Project("{9A19103F-16F7-4668-BE54-9A1E7A4F7556}") = "MicroRabbit.Transfer.Data", "MicroRabbit.Transfer.Data\MicroRabbit.Transfer.Data.csproj", "{59282DCB-5D10-4C0C-A281-EE5BC831F0D1}"
EndProject
Project("{2150E333-8FDC-42A3-9474-1A3956D46DE8}") = "Customer", "Customer", "{92E8FADA-C3C5-4ECD-BCDF-48BE570651F6}"
EndProject
Project("{2150E333-8FDC-42A3-9474-1A3956D46DE8}") = "Orders", "Orders", "{E570F7F6-1BCF-410E-919E-42C9F34E7A56}"
EndProject
Project("{2150E333-8FDC-42A3-9474-1A3956D46DE8}") = "Api", "Api", "{33AE90B2-B986-41CE-B6B8-1AF23BFBA86E}"
EndProject
Project("{2150E333-8FDC-42A3-9474-1A3956D46DE8}") = "Application", "Application", "{6210BA8B-1661-4245-B2C9-FCD6471E8980}"
EndProject
Project("{2150E333-8FDC-42A3-9474-1A3956D46DE8}") = "Data", "Data", "{A1768F76-C42D-4007-B92A-02F7EA63D30F}"
EndProject
Project("{2150E333-8FDC-42A3-9474-1A3956D46DE8}") = "Domain", "Domain", "{3CBD564B-B51D-4F95-BC6B-A88C37BD7497}"
EndProject
Project("{2150E333-8FDC-42A3-9474-1A3956D46DE8}") = "Api", "Api", "{532D8E1E-A479-431E-B602-8E5DB71A6F87}"
EndProject
Project("{2150E333-8FDC-42A3-9474-1A3956D46DE8}") = "Application", "Application", "{E5225500-C335-4356-8B12-5C519848E02F}"
EndProject
Project("{2150E333-8FDC-42A3-9474-1A3956D46DE8}") = "Data", "Data", "{EE4BEE97-CD5B-4225-8092-931AE2B3D9E9}"
EndProject
Project("{2150E333-8FDC-42A3-9474-1A3956D46DE8}") = "Domain", "Domain", "{5B5CC111-8159-4BA5-A5A5-3B3E6314BC64}"
EndProject
Project("{FAE04EC0-301F-11D3-BF4B-00C04F79EFBC}") = "MicroRabbit.Customer.Domain", "MicroRabbit.Customer.Domain\MicroRabbit.Customer.Domain.csproj", "{FB08155A-7A44-494A-8D7B-C985786E711D}"
EndProject
Project("{FAE04EC0-301F-11D3-BF4B-00C04F79EFBC}") = "MicroRabbit.Orders.Domain", "MicroRabbit.Orders.Domain\MicroRabbit.Orders.Domain.csproj", "{7A942057-0548-401C-B28F-DAE2D6B5B024}"
EndProject
Project("{FAE04EC0-301F-11D3-BF4B-00C04F79EFBC}") = "MicroRabbit.Customer.Data", "MicroRabbit.Customer.Data\MicroRabbit.Customer.Data.csproj", "{0E1383B9-3DCF-4720-8A60-C823103A5819}"
EndProject
Project("{FAE04EC0-301F-11D3-BF4B-00C04F79EFBC}") = "MicroRabbit.Orders.Data", "MicroRabbit.Orders.Data\MicroRabbit.Orders.Data.csproj", "{79A1722C-A15F-4260-858E-B125082B5B2D}"
EndProject
Project("{FAE04EC0-301F-11D3-BF4B-00C04F79EFBC}") = "MicroRabbit.Customer.Application", "MicroRabbit.Customer.Application\MicroRabbit.Customer.Application.csproj", "{E77AB043-54F7-486C-8E39-0817E3ACC97B}"
EndProject
Project("{FAE04EC0-301F-11D3-BF4B-00C04F79EFBC}") = "MicroRabbit.Orders.Application", "MicroRabbit.Orders.Application\MicroRabbit.Orders.Application.csproj", "{1674684D-4113-4C1E-B5DC-3A373E063960}"
EndProject
Project("{FAE04EC0-301F-11D3-BF4B-00C04F79EFBC}") = "MicroRabbit.Customer.Api", "MicroRabbit.Customer.Api\MicroRabbit.Customer.Api.csproj", "{FC14C73C-2575-4706-8712-521E29787859}"
EndProject
Project("{FAE04EC0-301F-11D3-BF4B-00C04F79EFBC}") = "MicroRabbit.Orders.Api", "MicroRabbit.Orders.Api\MicroRabbit.Orders.Api.csproj", "{05A780B3-900F-4A38-8133-318F6803B516}"
EndProject
Global
	GlobalSection(SolutionConfigurationPlatforms) = preSolution
		Debug|Any CPU = Debug|Any CPU
		Release|Any CPU = Release|Any CPU
	EndGlobalSection
	GlobalSection(ProjectConfigurationPlatforms) = postSolution
		{55C36ABC-9C0B-4D44-9D71-D0A0F8A69F9E}.Debug|Any CPU.ActiveCfg = Debug|Any CPU
		{55C36ABC-9C0B-4D44-9D71-D0A0F8A69F9E}.Debug|Any CPU.Build.0 = Debug|Any CPU
		{55C36ABC-9C0B-4D44-9D71-D0A0F8A69F9E}.Release|Any CPU.ActiveCfg = Release|Any CPU
		{55C36ABC-9C0B-4D44-9D71-D0A0F8A69F9E}.Release|Any CPU.Build.0 = Release|Any CPU
		{5C87F887-793A-4766-A4B5-236562247D6C}.Debug|Any CPU.ActiveCfg = Debug|Any CPU
		{5C87F887-793A-4766-A4B5-236562247D6C}.Debug|Any CPU.Build.0 = Debug|Any CPU
		{5C87F887-793A-4766-A4B5-236562247D6C}.Release|Any CPU.ActiveCfg = Release|Any CPU
		{5C87F887-793A-4766-A4B5-236562247D6C}.Release|Any CPU.Build.0 = Release|Any CPU
		{9C54AE01-287A-4C29-8E35-3872F80D139C}.Debug|Any CPU.ActiveCfg = Debug|Any CPU
		{9C54AE01-287A-4C29-8E35-3872F80D139C}.Debug|Any CPU.Build.0 = Debug|Any CPU
		{9C54AE01-287A-4C29-8E35-3872F80D139C}.Release|Any CPU.ActiveCfg = Release|Any CPU
		{9C54AE01-287A-4C29-8E35-3872F80D139C}.Release|Any CPU.Build.0 = Release|Any CPU
		{5FB5D812-E654-4EFF-A7FA-BEDDB7790951}.Debug|Any CPU.ActiveCfg = Debug|Any CPU
		{5FB5D812-E654-4EFF-A7FA-BEDDB7790951}.Debug|Any CPU.Build.0 = Debug|Any CPU
		{5FB5D812-E654-4EFF-A7FA-BEDDB7790951}.Release|Any CPU.ActiveCfg = Release|Any CPU
		{5FB5D812-E654-4EFF-A7FA-BEDDB7790951}.Release|Any CPU.Build.0 = Release|Any CPU
		{3365FC2A-2E12-441E-BBE7-077A3E43AC75}.Debug|Any CPU.ActiveCfg = Debug|Any CPU
		{3365FC2A-2E12-441E-BBE7-077A3E43AC75}.Debug|Any CPU.Build.0 = Debug|Any CPU
		{3365FC2A-2E12-441E-BBE7-077A3E43AC75}.Release|Any CPU.ActiveCfg = Release|Any CPU
		{3365FC2A-2E12-441E-BBE7-077A3E43AC75}.Release|Any CPU.Build.0 = Release|Any CPU
		{699D38E3-0DAB-4E0E-81B5-D9E6E4095A42}.Debug|Any CPU.ActiveCfg = Debug|Any CPU
		{699D38E3-0DAB-4E0E-81B5-D9E6E4095A42}.Debug|Any CPU.Build.0 = Debug|Any CPU
		{699D38E3-0DAB-4E0E-81B5-D9E6E4095A42}.Release|Any CPU.ActiveCfg = Release|Any CPU
		{699D38E3-0DAB-4E0E-81B5-D9E6E4095A42}.Release|Any CPU.Build.0 = Release|Any CPU
		{E62A27C7-2845-4B54-B6C9-3FC6CDCFC649}.Debug|Any CPU.ActiveCfg = Debug|Any CPU
		{E62A27C7-2845-4B54-B6C9-3FC6CDCFC649}.Debug|Any CPU.Build.0 = Debug|Any CPU
		{E62A27C7-2845-4B54-B6C9-3FC6CDCFC649}.Release|Any CPU.ActiveCfg = Release|Any CPU
		{E62A27C7-2845-4B54-B6C9-3FC6CDCFC649}.Release|Any CPU.Build.0 = Release|Any CPU
		{FADBB3E5-2BA8-4F6F-A036-6A83E16202C2}.Debug|Any CPU.ActiveCfg = Debug|Any CPU
		{FADBB3E5-2BA8-4F6F-A036-6A83E16202C2}.Debug|Any CPU.Build.0 = Debug|Any CPU
		{FADBB3E5-2BA8-4F6F-A036-6A83E16202C2}.Release|Any CPU.ActiveCfg = Release|Any CPU
		{FADBB3E5-2BA8-4F6F-A036-6A83E16202C2}.Release|Any CPU.Build.0 = Release|Any CPU
		{71F59AE0-5BFE-45E0-A5D6-0C049ED41F7C}.Debug|Any CPU.ActiveCfg = Debug|Any CPU
		{71F59AE0-5BFE-45E0-A5D6-0C049ED41F7C}.Debug|Any CPU.Build.0 = Debug|Any CPU
		{71F59AE0-5BFE-45E0-A5D6-0C049ED41F7C}.Release|Any CPU.ActiveCfg = Release|Any CPU
		{71F59AE0-5BFE-45E0-A5D6-0C049ED41F7C}.Release|Any CPU.Build.0 = Release|Any CPU
		{A5E606D1-695C-4971-8BDB-269D58C1095F}.Debug|Any CPU.ActiveCfg = Debug|Any CPU
		{A5E606D1-695C-4971-8BDB-269D58C1095F}.Debug|Any CPU.Build.0 = Debug|Any CPU
		{A5E606D1-695C-4971-8BDB-269D58C1095F}.Release|Any CPU.ActiveCfg = Release|Any CPU
		{A5E606D1-695C-4971-8BDB-269D58C1095F}.Release|Any CPU.Build.0 = Release|Any CPU
		{59282DCB-5D10-4C0C-A281-EE5BC831F0D1}.Debug|Any CPU.ActiveCfg = Debug|Any CPU
		{59282DCB-5D10-4C0C-A281-EE5BC831F0D1}.Debug|Any CPU.Build.0 = Debug|Any CPU
		{59282DCB-5D10-4C0C-A281-EE5BC831F0D1}.Release|Any CPU.ActiveCfg = Release|Any CPU
		{59282DCB-5D10-4C0C-A281-EE5BC831F0D1}.Release|Any CPU.Build.0 = Release|Any CPU
		{FB08155A-7A44-494A-8D7B-C985786E711D}.Debug|Any CPU.ActiveCfg = Debug|Any CPU
		{FB08155A-7A44-494A-8D7B-C985786E711D}.Debug|Any CPU.Build.0 = Debug|Any CPU
		{FB08155A-7A44-494A-8D7B-C985786E711D}.Release|Any CPU.ActiveCfg = Release|Any CPU
		{FB08155A-7A44-494A-8D7B-C985786E711D}.Release|Any CPU.Build.0 = Release|Any CPU
		{7A942057-0548-401C-B28F-DAE2D6B5B024}.Debug|Any CPU.ActiveCfg = Debug|Any CPU
		{7A942057-0548-401C-B28F-DAE2D6B5B024}.Debug|Any CPU.Build.0 = Debug|Any CPU
		{7A942057-0548-401C-B28F-DAE2D6B5B024}.Release|Any CPU.ActiveCfg = Release|Any CPU
		{7A942057-0548-401C-B28F-DAE2D6B5B024}.Release|Any CPU.Build.0 = Release|Any CPU
		{0E1383B9-3DCF-4720-8A60-C823103A5819}.Debug|Any CPU.ActiveCfg = Debug|Any CPU
		{0E1383B9-3DCF-4720-8A60-C823103A5819}.Debug|Any CPU.Build.0 = Debug|Any CPU
		{0E1383B9-3DCF-4720-8A60-C823103A5819}.Release|Any CPU.ActiveCfg = Release|Any CPU
		{0E1383B9-3DCF-4720-8A60-C823103A5819}.Release|Any CPU.Build.0 = Release|Any CPU
		{79A1722C-A15F-4260-858E-B125082B5B2D}.Debug|Any CPU.ActiveCfg = Debug|Any CPU
		{79A1722C-A15F-4260-858E-B125082B5B2D}.Debug|Any CPU.Build.0 = Debug|Any CPU
		{79A1722C-A15F-4260-858E-B125082B5B2D}.Release|Any CPU.ActiveCfg = Release|Any CPU
		{79A1722C-A15F-4260-858E-B125082B5B2D}.Release|Any CPU.Build.0 = Release|Any CPU
		{E77AB043-54F7-486C-8E39-0817E3ACC97B}.Debug|Any CPU.ActiveCfg = Debug|Any CPU
		{E77AB043-54F7-486C-8E39-0817E3ACC97B}.Debug|Any CPU.Build.0 = Debug|Any CPU
		{E77AB043-54F7-486C-8E39-0817E3ACC97B}.Release|Any CPU.ActiveCfg = Release|Any CPU
		{E77AB043-54F7-486C-8E39-0817E3ACC97B}.Release|Any CPU.Build.0 = Release|Any CPU
		{1674684D-4113-4C1E-B5DC-3A373E063960}.Debug|Any CPU.ActiveCfg = Debug|Any CPU
		{1674684D-4113-4C1E-B5DC-3A373E063960}.Debug|Any CPU.Build.0 = Debug|Any CPU
		{1674684D-4113-4C1E-B5DC-3A373E063960}.Release|Any CPU.ActiveCfg = Release|Any CPU
		{1674684D-4113-4C1E-B5DC-3A373E063960}.Release|Any CPU.Build.0 = Release|Any CPU
		{FC14C73C-2575-4706-8712-521E29787859}.Debug|Any CPU.ActiveCfg = Debug|Any CPU
		{FC14C73C-2575-4706-8712-521E29787859}.Debug|Any CPU.Build.0 = Debug|Any CPU
		{FC14C73C-2575-4706-8712-521E29787859}.Release|Any CPU.ActiveCfg = Release|Any CPU
		{FC14C73C-2575-4706-8712-521E29787859}.Release|Any CPU.Build.0 = Release|Any CPU
		{05A780B3-900F-4A38-8133-318F6803B516}.Debug|Any CPU.ActiveCfg = Debug|Any CPU
		{05A780B3-900F-4A38-8133-318F6803B516}.Debug|Any CPU.Build.0 = Debug|Any CPU
		{05A780B3-900F-4A38-8133-318F6803B516}.Release|Any CPU.ActiveCfg = Release|Any CPU
		{05A780B3-900F-4A38-8133-318F6803B516}.Release|Any CPU.Build.0 = Release|Any CPU
	EndGlobalSection
	GlobalSection(SolutionProperties) = preSolution
		HideSolutionNode = FALSE
	EndGlobalSection
	GlobalSection(NestedProjects) = preSolution
		{55C36ABC-9C0B-4D44-9D71-D0A0F8A69F9E} = {F3C8392A-169A-48FF-9142-B2166E5FB6CC}
		{5C87F887-793A-4766-A4B5-236562247D6C} = {F6790295-4511-427C-98A0-F8FF58BBCDB8}
		{9C54AE01-287A-4C29-8E35-3872F80D139C} = {9A09A42D-F786-45B4-949B-D9C56CAC166C}
		{EFF8D9C3-B8F7-4F70-B5DC-DE5227C06537} = {61DFF513-A553-4FFA-A835-2DAAEBA6A440}
		{2F4A49E5-9052-46E8-A96B-9DC6E4A616D1} = {EFF8D9C3-B8F7-4F70-B5DC-DE5227C06537}
		{E6014F7F-DAED-4BB8-9770-7C4BC924B470} = {EFF8D9C3-B8F7-4F70-B5DC-DE5227C06537}
		{C8E90FF5-E025-45D3-9A65-43B07FF54F15} = {EFF8D9C3-B8F7-4F70-B5DC-DE5227C06537}
		{BB476054-4DDF-4248-8F0D-BD9FD1F00528} = {EFF8D9C3-B8F7-4F70-B5DC-DE5227C06537}
		{5FB5D812-E654-4EFF-A7FA-BEDDB7790951} = {2F4A49E5-9052-46E8-A96B-9DC6E4A616D1}
		{3365FC2A-2E12-441E-BBE7-077A3E43AC75} = {C8E90FF5-E025-45D3-9A65-43B07FF54F15}
		{699D38E3-0DAB-4E0E-81B5-D9E6E4095A42} = {BB476054-4DDF-4248-8F0D-BD9FD1F00528}
		{E62A27C7-2845-4B54-B6C9-3FC6CDCFC649} = {E6014F7F-DAED-4BB8-9770-7C4BC924B470}
		{7F4DA654-1405-4CE5-8096-AC9194CAB2B2} = {61DFF513-A553-4FFA-A835-2DAAEBA6A440}
		{E1DFC4B2-235D-410D-BE1B-846057434797} = {7F4DA654-1405-4CE5-8096-AC9194CAB2B2}
		{EC9114F9-B630-4153-808D-EC55E512F2F0} = {7F4DA654-1405-4CE5-8096-AC9194CAB2B2}
		{3FCF1D49-FDF2-4047-82C9-B7586ED45075} = {7F4DA654-1405-4CE5-8096-AC9194CAB2B2}
		{C40F6A68-47E9-4F63-8510-774EF4F5BC90} = {7F4DA654-1405-4CE5-8096-AC9194CAB2B2}
		{FADBB3E5-2BA8-4F6F-A036-6A83E16202C2} = {E1DFC4B2-235D-410D-BE1B-846057434797}
		{71F59AE0-5BFE-45E0-A5D6-0C049ED41F7C} = {EC9114F9-B630-4153-808D-EC55E512F2F0}
		{A5E606D1-695C-4971-8BDB-269D58C1095F} = {C40F6A68-47E9-4F63-8510-774EF4F5BC90}
		{59282DCB-5D10-4C0C-A281-EE5BC831F0D1} = {3FCF1D49-FDF2-4047-82C9-B7586ED45075}
		{92E8FADA-C3C5-4ECD-BCDF-48BE570651F6} = {61DFF513-A553-4FFA-A835-2DAAEBA6A440}
		{E570F7F6-1BCF-410E-919E-42C9F34E7A56} = {61DFF513-A553-4FFA-A835-2DAAEBA6A440}
		{33AE90B2-B986-41CE-B6B8-1AF23BFBA86E} = {92E8FADA-C3C5-4ECD-BCDF-48BE570651F6}
		{6210BA8B-1661-4245-B2C9-FCD6471E8980} = {92E8FADA-C3C5-4ECD-BCDF-48BE570651F6}
		{A1768F76-C42D-4007-B92A-02F7EA63D30F} = {92E8FADA-C3C5-4ECD-BCDF-48BE570651F6}
		{3CBD564B-B51D-4F95-BC6B-A88C37BD7497} = {92E8FADA-C3C5-4ECD-BCDF-48BE570651F6}
		{532D8E1E-A479-431E-B602-8E5DB71A6F87} = {E570F7F6-1BCF-410E-919E-42C9F34E7A56}
		{E5225500-C335-4356-8B12-5C519848E02F} = {E570F7F6-1BCF-410E-919E-42C9F34E7A56}
		{EE4BEE97-CD5B-4225-8092-931AE2B3D9E9} = {E570F7F6-1BCF-410E-919E-42C9F34E7A56}
		{5B5CC111-8159-4BA5-A5A5-3B3E6314BC64} = {E570F7F6-1BCF-410E-919E-42C9F34E7A56}
		{FB08155A-7A44-494A-8D7B-C985786E711D} = {3CBD564B-B51D-4F95-BC6B-A88C37BD7497}
		{7A942057-0548-401C-B28F-DAE2D6B5B024} = {5B5CC111-8159-4BA5-A5A5-3B3E6314BC64}
		{0E1383B9-3DCF-4720-8A60-C823103A5819} = {A1768F76-C42D-4007-B92A-02F7EA63D30F}
		{79A1722C-A15F-4260-858E-B125082B5B2D} = {EE4BEE97-CD5B-4225-8092-931AE2B3D9E9}
		{E77AB043-54F7-486C-8E39-0817E3ACC97B} = {6210BA8B-1661-4245-B2C9-FCD6471E8980}
		{1674684D-4113-4C1E-B5DC-3A373E063960} = {E5225500-C335-4356-8B12-5C519848E02F}
		{FC14C73C-2575-4706-8712-521E29787859} = {33AE90B2-B986-41CE-B6B8-1AF23BFBA86E}
		{05A780B3-900F-4A38-8133-318F6803B516} = {532D8E1E-A479-431E-B602-8E5DB71A6F87}
	EndGlobalSection
	GlobalSection(ExtensibilityGlobals) = postSolution
		SolutionGuid = {D76F21DD-E1C1-4627-B824-FD84A436FD1E}
	EndGlobalSection
EndGlobal
